# This file is autogenerated, do not edit; changes may be undone by the next 'dep ensure'.


[[projects]]
  name = "github.com/docopt/docopt-go"
  packages = ["."]
  revision = "784ddc588536785e7299f7272f39101f7faccc3f"
  version = "0.6.2"

[solve-meta]
  analyzer-name = "dep"
  analyzer-version = 1
  inputs-digest = "360b5c5ab468d8e0affa0f58100a91d0b485dd3d3453ec67c778e2b53b4e0c4e"
  solver-name = "gps-cdcl"
  solver-version = 1
